// !$*UTF8*$!
{
	archiveVersion = 1;
	classes = {
	};
	objectVersion = 51;
	objects = {

/* Begin PBXBuildFile section */
		52AEC341483B56D6F25588FF /* Pods_Momentum.framework in Frameworks */ = {isa = PBXBuildFile; fileRef = 5830A9F087053FBE543F7D09 /* Pods_Momentum.framework */; };
		A2337CD52612E32400E1B2F5 /* AppDelegate.swift in Sources */ = {isa = PBXBuildFile; fileRef = A2337CD42612E32400E1B2F5 /* AppDelegate.swift */; };
		A2337CD72612E32400E1B2F5 /* SceneDelegate.swift in Sources */ = {isa = PBXBuildFile; fileRef = A2337CD62612E32400E1B2F5 /* SceneDelegate.swift */; };
		A2337CD92612E32400E1B2F5 /* LoginViewController.swift in Sources */ = {isa = PBXBuildFile; fileRef = A2337CD82612E32400E1B2F5 /* LoginViewController.swift */; };
		A2337CDC2612E32400E1B2F5 /* Main.storyboard in Resources */ = {isa = PBXBuildFile; fileRef = A2337CDA2612E32400E1B2F5 /* Main.storyboard */; };
		A2337CDE2612E32600E1B2F5 /* Assets.xcassets in Resources */ = {isa = PBXBuildFile; fileRef = A2337CDD2612E32600E1B2F5 /* Assets.xcassets */; };
		A2337CE12612E32600E1B2F5 /* LaunchScreen.storyboard in Resources */ = {isa = PBXBuildFile; fileRef = A2337CDF2612E32600E1B2F5 /* LaunchScreen.storyboard */; };
		A2337DCC26134C8300E1B2F5 /* VerifyViewController.swift in Sources */ = {isa = PBXBuildFile; fileRef = A2337DCB26134C8300E1B2F5 /* VerifyViewController.swift */; };
		A2337DCF2613669300E1B2F5 /* GoogleService-Info.plist in Resources */ = {isa = PBXBuildFile; fileRef = A2337DCE2613669300E1B2F5 /* GoogleService-Info.plist */; };
		A23DB9B12615F5090051BA60 /* MyViewCell.swift in Sources */ = {isa = PBXBuildFile; fileRef = A23DB9B02615F5090051BA60 /* MyViewCell.swift */; };
		A23E0A2D2619967F0008E05C /* Task.swift in Sources */ = {isa = PBXBuildFile; fileRef = A23E0A2C2619967F0008E05C /* Task.swift */; };
		A23E0A472619F79E0008E05C /* Constants.swift in Sources */ = {isa = PBXBuildFile; fileRef = A23E0A462619F79E0008E05C /* Constants.swift */; };
		A24811AF26144833005FC96F /* MainViewController.swift in Sources */ = {isa = PBXBuildFile; fileRef = A24811AE26144833005FC96F /* MainViewController.swift */; };
		A2B96CE42617565C00227F6E /* CreateTaskViewController.swift in Sources */ = {isa = PBXBuildFile; fileRef = A2B96CE32617565C00227F6E /* CreateTaskViewController.swift */; };
/* End PBXBuildFile section */

/* Begin PBXFileReference section */
		00B69AB524E063A18BBAA4F8 /* Pods-Momentum.debug.xcconfig */ = {isa = PBXFileReference; includeInIndex = 1; lastKnownFileType = text.xcconfig; name = "Pods-Momentum.debug.xcconfig"; path = "Target Support Files/Pods-Momentum/Pods-Momentum.debug.xcconfig"; sourceTree = "<group>"; };
		5830A9F087053FBE543F7D09 /* Pods_Momentum.framework */ = {isa = PBXFileReference; explicitFileType = wrapper.framework; includeInIndex = 0; path = Pods_Momentum.framework; sourceTree = BUILT_PRODUCTS_DIR; };
		A2337CD12612E32400E1B2F5 /* Momentum.app */ = {isa = PBXFileReference; explicitFileType = wrapper.application; includeInIndex = 0; path = Momentum.app; sourceTree = BUILT_PRODUCTS_DIR; };
		A2337CD42612E32400E1B2F5 /* AppDelegate.swift */ = {isa = PBXFileReference; lastKnownFileType = sourcecode.swift; path = AppDelegate.swift; sourceTree = "<group>"; };
		A2337CD62612E32400E1B2F5 /* SceneDelegate.swift */ = {isa = PBXFileReference; lastKnownFileType = sourcecode.swift; path = SceneDelegate.swift; sourceTree = "<group>"; };
		A2337CD82612E32400E1B2F5 /* LoginViewController.swift */ = {isa = PBXFileReference; lastKnownFileType = sourcecode.swift; path = LoginViewController.swift; sourceTree = "<group>"; };
		A2337CDB2612E32400E1B2F5 /* Base */ = {isa = PBXFileReference; lastKnownFileType = file.storyboard; name = Base; path = Base.lproj/Main.storyboard; sourceTree = "<group>"; };
		A2337CDD2612E32600E1B2F5 /* Assets.xcassets */ = {isa = PBXFileReference; lastKnownFileType = folder.assetcatalog; path = Assets.xcassets; sourceTree = "<group>"; };
		A2337CE02612E32600E1B2F5 /* Base */ = {isa = PBXFileReference; lastKnownFileType = file.storyboard; name = Base; path = Base.lproj/LaunchScreen.storyboard; sourceTree = "<group>"; };
		A2337CE22612E32600E1B2F5 /* Info.plist */ = {isa = PBXFileReference; lastKnownFileType = text.plist.xml; path = Info.plist; sourceTree = "<group>"; };
		A2337DCB26134C8300E1B2F5 /* VerifyViewController.swift */ = {isa = PBXFileReference; lastKnownFileType = sourcecode.swift; path = VerifyViewController.swift; sourceTree = "<group>"; };
		A2337DCE2613669300E1B2F5 /* GoogleService-Info.plist */ = {isa = PBXFileReference; fileEncoding = 4; lastKnownFileType = text.plist.xml; path = "GoogleService-Info.plist"; sourceTree = "<group>"; };
		A23DB9B02615F5090051BA60 /* MyViewCell.swift */ = {isa = PBXFileReference; lastKnownFileType = sourcecode.swift; path = MyViewCell.swift; sourceTree = "<group>"; };
		A23E0A2C2619967F0008E05C /* Task.swift */ = {isa = PBXFileReference; lastKnownFileType = sourcecode.swift; path = Task.swift; sourceTree = "<group>"; };
		A23E0A462619F79E0008E05C /* Constants.swift */ = {isa = PBXFileReference; lastKnownFileType = sourcecode.swift; path = Constants.swift; sourceTree = "<group>"; };
		A24811AE26144833005FC96F /* MainViewController.swift */ = {isa = PBXFileReference; lastKnownFileType = sourcecode.swift; path = MainViewController.swift; sourceTree = "<group>"; };
		A2B96CE32617565C00227F6E /* CreateTaskViewController.swift */ = {isa = PBXFileReference; lastKnownFileType = sourcecode.swift; path = CreateTaskViewController.swift; sourceTree = "<group>"; };
		FF8E38774340396558F8E96C /* Pods-Momentum.release.xcconfig */ = {isa = PBXFileReference; includeInIndex = 1; lastKnownFileType = text.xcconfig; name = "Pods-Momentum.release.xcconfig"; path = "Target Support Files/Pods-Momentum/Pods-Momentum.release.xcconfig"; sourceTree = "<group>"; };
/* End PBXFileReference section */

/* Begin PBXFrameworksBuildPhase section */
		A2337CCE2612E32400E1B2F5 /* Frameworks */ = {
			isa = PBXFrameworksBuildPhase;
			buildActionMask = 2147483647;
			files = (
				52AEC341483B56D6F25588FF /* Pods_Momentum.framework in Frameworks */,
			);
			runOnlyForDeploymentPostprocessing = 0;
		};
/* End PBXFrameworksBuildPhase section */

/* Begin PBXGroup section */
		066C14186ADCA7C3479EE76F /* Pods */ = {
			isa = PBXGroup;
			children = (
				00B69AB524E063A18BBAA4F8 /* Pods-Momentum.debug.xcconfig */,
				FF8E38774340396558F8E96C /* Pods-Momentum.release.xcconfig */,
			);
			path = Pods;
			sourceTree = "<group>";
		};
		7E469680F8060851268F4032 /* Frameworks */ = {
			isa = PBXGroup;
			children = (
				5830A9F087053FBE543F7D09 /* Pods_Momentum.framework */,
			);
			name = Frameworks;
			sourceTree = "<group>";
		};
		A2337CC82612E32400E1B2F5 = {
			isa = PBXGroup;
			children = (
				A2337CD32612E32400E1B2F5 /* Momentum */,
				A2337CD22612E32400E1B2F5 /* Products */,
				066C14186ADCA7C3479EE76F /* Pods */,
				7E469680F8060851268F4032 /* Frameworks */,
			);
			sourceTree = "<group>";
		};
		A2337CD22612E32400E1B2F5 /* Products */ = {
			isa = PBXGroup;
			children = (
				A2337CD12612E32400E1B2F5 /* Momentum.app */,
			);
			name = Products;
			sourceTree = "<group>";
		};
		A2337CD32612E32400E1B2F5 /* Momentum */ = {
			isa = PBXGroup;
			children = (
				A2337CD42612E32400E1B2F5 /* AppDelegate.swift */,
				A2337CD62612E32400E1B2F5 /* SceneDelegate.swift */,
				A2337CEC2612E47600E1B2F5 /* Model */,
				A2337CEB2612E46B00E1B2F5 /* View */,
				A2337CE92612E45600E1B2F5 /* Controller */,
				A2337CDD2612E32600E1B2F5 /* Assets.xcassets */,
				A23DB9B02615F5090051BA60 /* MyViewCell.swift */,
				A2337CDF2612E32600E1B2F5 /* LaunchScreen.storyboard */,
				A2337CE22612E32600E1B2F5 /* Info.plist */,
				A2337DCE2613669300E1B2F5 /* GoogleService-Info.plist */,
				A23E0A462619F79E0008E05C /* Constants.swift */,
			);
			path = Momentum;
			sourceTree = "<group>";
		};
		A2337CE92612E45600E1B2F5 /* Controller */ = {
			isa = PBXGroup;
			children = (
				A2337CD82612E32400E1B2F5 /* LoginViewController.swift */,
				A2337DCB26134C8300E1B2F5 /* VerifyViewController.swift */,
				A24811AE26144833005FC96F /* MainViewController.swift */,
				A2B96CE32617565C00227F6E /* CreateTaskViewController.swift */,
			);
			path = Controller;
			sourceTree = "<group>";
		};
		A2337CEB2612E46B00E1B2F5 /* View */ = {
			isa = PBXGroup;
			children = (
				A2337CDA2612E32400E1B2F5 /* Main.storyboard */,
			);
			path = View;
			sourceTree = "<group>";
		};
		A2337CEC2612E47600E1B2F5 /* Model */ = {
			isa = PBXGroup;
			children = (
				A23E0A2C2619967F0008E05C /* Task.swift */,
			);
			path = Model;
			sourceTree = "<group>";
		};
/* End PBXGroup section */

/* Begin PBXNativeTarget section */
		A2337CD02612E32400E1B2F5 /* Momentum */ = {
			isa = PBXNativeTarget;
			buildConfigurationList = A2337CE52612E32600E1B2F5 /* Build configuration list for PBXNativeTarget "Momentum" */;
			buildPhases = (
				FD20094F71E10585AA1485CB /* [CP] Check Pods Manifest.lock */,
				A2337CCD2612E32400E1B2F5 /* Sources */,
				A2337CCE2612E32400E1B2F5 /* Frameworks */,
				A2337CCF2612E32400E1B2F5 /* Resources */,
				36AE778EEC42B3B3BC377D4A /* [CP] Embed Pods Frameworks */,
			);
			buildRules = (
			);
			dependencies = (
			);
			name = Momentum;
			productName = Momentum;
			productReference = A2337CD12612E32400E1B2F5 /* Momentum.app */;
			productType = "com.apple.product-type.application";
		};
/* End PBXNativeTarget section */

/* Begin PBXProject section */
		A2337CC92612E32400E1B2F5 /* Project object */ = {
			isa = PBXProject;
			attributes = {
				LastSwiftUpdateCheck = 1240;
				LastUpgradeCheck = 1240;
				TargetAttributes = {
					A2337CD02612E32400E1B2F5 = {
						CreatedOnToolsVersion = 12.4;
					};
				};
			};
			buildConfigurationList = A2337CCC2612E32400E1B2F5 /* Build configuration list for PBXProject "Momentum" */;
			compatibilityVersion = "Xcode 9.3";
			developmentRegion = en;
			hasScannedForEncodings = 0;
			knownRegions = (
				en,
				Base,
			);
			mainGroup = A2337CC82612E32400E1B2F5;
			productRefGroup = A2337CD22612E32400E1B2F5 /* Products */;
			projectDirPath = "";
			projectRoot = "";
			targets = (
				A2337CD02612E32400E1B2F5 /* Momentum */,
			);
		};
/* End PBXProject section */

/* Begin PBXResourcesBuildPhase section */
		A2337CCF2612E32400E1B2F5 /* Resources */ = {
			isa = PBXResourcesBuildPhase;
			buildActionMask = 2147483647;
			files = (
				A2337CE12612E32600E1B2F5 /* LaunchScreen.storyboard in Resources */,
				A2337CDE2612E32600E1B2F5 /* Assets.xcassets in Resources */,
				A2337CDC2612E32400E1B2F5 /* Main.storyboard in Resources */,
				A2337DCF2613669300E1B2F5 /* GoogleService-Info.plist in Resources */,
			);
			runOnlyForDeploymentPostprocessing = 0;
		};
/* End PBXResourcesBuildPhase section */

/* Begin PBXShellScriptBuildPhase section */
		36AE778EEC42B3B3BC377D4A /* [CP] Embed Pods Frameworks */ = {
			isa = PBXShellScriptBuildPhase;
			buildActionMask = 2147483647;
			files = (
			);
			inputFileListPaths = (
				"${PODS_ROOT}/Target Support Files/Pods-Momentum/Pods-Momentum-frameworks-${CONFIGURATION}-input-files.xcfilelist",
			);
			name = "[CP] Embed Pods Frameworks";
			outputFileListPaths = (
				"${PODS_ROOT}/Target Support Files/Pods-Momentum/Pods-Momentum-frameworks-${CONFIGURATION}-output-files.xcfilelist",
			);
			runOnlyForDeploymentPostprocessing = 0;
			shellPath = /bin/sh;
			shellScript = "\"${PODS_ROOT}/Target Support Files/Pods-Momentum/Pods-Momentum-frameworks.sh\"\n";
			showEnvVarsInLog = 0;
		};
		FD20094F71E10585AA1485CB /* [CP] Check Pods Manifest.lock */ = {
			isa = PBXShellScriptBuildPhase;
			buildActionMask = 2147483647;
			files = (
			);
			inputFileListPaths = (
			);
			inputPaths = (
				"${PODS_PODFILE_DIR_PATH}/Podfile.lock",
				"${PODS_ROOT}/Manifest.lock",
			);
			name = "[CP] Check Pods Manifest.lock";
			outputFileListPaths = (
			);
			outputPaths = (
				"$(DERIVED_FILE_DIR)/Pods-Momentum-checkManifestLockResult.txt",
			);
			runOnlyForDeploymentPostprocessing = 0;
			shellPath = /bin/sh;
			shellScript = "diff \"${PODS_PODFILE_DIR_PATH}/Podfile.lock\" \"${PODS_ROOT}/Manifest.lock\" > /dev/null\nif [ $? != 0 ] ; then\n    # print error to STDERR\n    echo \"error: The sandbox is not in sync with the Podfile.lock. Run 'pod install' or update your CocoaPods installation.\" >&2\n    exit 1\nfi\n# This output is used by Xcode 'outputs' to avoid re-running this script phase.\necho \"SUCCESS\" > \"${SCRIPT_OUTPUT_FILE_0}\"\n";
			showEnvVarsInLog = 0;
		};
/* End PBXShellScriptBuildPhase section */

/* Begin PBXSourcesBuildPhase section */
		A2337CCD2612E32400E1B2F5 /* Sources */ = {
			isa = PBXSourcesBuildPhase;
			buildActionMask = 2147483647;
			files = (
				A23E0A2D2619967F0008E05C /* Task.swift in Sources */,
				A2337CD92612E32400E1B2F5 /* LoginViewController.swift in Sources */,
				A2337CD52612E32400E1B2F5 /* AppDelegate.swift in Sources */,
				A2337CD72612E32400E1B2F5 /* SceneDelegate.swift in Sources */,
				A2337DCC26134C8300E1B2F5 /* VerifyViewController.swift in Sources */,
				A23DB9B12615F5090051BA60 /* MyViewCell.swift in Sources */,
				A24811AF26144833005FC96F /* MainViewController.swift in Sources */,
				A2B96CE42617565C00227F6E /* CreateTaskViewController.swift in Sources */,
				A23E0A472619F79E0008E05C /* Constants.swift in Sources */,
			);
			runOnlyForDeploymentPostprocessing = 0;
		};
/* End PBXSourcesBuildPhase section */

/* Begin PBXVariantGroup section */
		A2337CDA2612E32400E1B2F5 /* Main.storyboard */ = {
			isa = PBXVariantGroup;
			children = (
				A2337CDB2612E32400E1B2F5 /* Base */,
			);
			name = Main.storyboard;
			sourceTree = "<group>";
		};
		A2337CDF2612E32600E1B2F5 /* LaunchScreen.storyboard */ = {
			isa = PBXVariantGroup;
			children = (
				A2337CE02612E32600E1B2F5 /* Base */,
			);
			name = LaunchScreen.storyboard;
			sourceTree = "<group>";
		};
/* End PBXVariantGroup section */

/* Begin XCBuildConfiguration section */
		A2337CE32612E32600E1B2F5 /* Debug */ = {
			isa = XCBuildConfiguration;
			buildSettings = {
				ALWAYS_SEARCH_USER_PATHS = NO;
				CLANG_ANALYZER_NONNULL = YES;
				CLANG_ANALYZER_NUMBER_OBJECT_CONVERSION = YES_AGGRESSIVE;
				CLANG_CXX_LANGUAGE_STANDARD = "gnu++14";
				CLANG_CXX_LIBRARY = "libc++";
				CLANG_ENABLE_MODULES = YES;
				CLANG_ENABLE_OBJC_ARC = YES;
				CLANG_ENABLE_OBJC_WEAK = YES;
				CLANG_WARN_BLOCK_CAPTURE_AUTORELEASING = YES;
				CLANG_WARN_BOOL_CONVERSION = YES;
				CLANG_WARN_COMMA = YES;
				CLANG_WARN_CONSTANT_CONVERSION = YES;
				CLANG_WARN_DEPRECATED_OBJC_IMPLEMENTATIONS = YES;
				CLANG_WARN_DIRECT_OBJC_ISA_USAGE = YES_ERROR;
				CLANG_WARN_DOCUMENTATION_COMMENTS = YES;
				CLANG_WARN_EMPTY_BODY = YES;
				CLANG_WARN_ENUM_CONVERSION = YES;
				CLANG_WARN_INFINITE_RECURSION = YES;
				CLANG_WARN_INT_CONVERSION = YES;
				CLANG_WARN_NON_LITERAL_NULL_CONVERSION = YES;
				CLANG_WARN_OBJC_IMPLICIT_RETAIN_SELF = YES;
				CLANG_WARN_OBJC_LITERAL_CONVERSION = YES;
				CLANG_WARN_OBJC_ROOT_CLASS = YES_ERROR;
				CLANG_WARN_QUOTED_INCLUDE_IN_FRAMEWORK_HEADER = YES;
				CLANG_WARN_RANGE_LOOP_ANALYSIS = YES;
				CLANG_WARN_STRICT_PROTOTYPES = YES;
				CLANG_WARN_SUSPICIOUS_MOVE = YES;
				CLANG_WARN_UNGUARDED_AVAILABILITY = YES_AGGRESSIVE;
				CLANG_WARN_UNREACHABLE_CODE = YES;
				CLANG_WARN__DUPLICATE_METHOD_MATCH = YES;
				COPY_PHASE_STRIP = NO;
				DEBUG_INFORMATION_FORMAT = dwarf;
				ENABLE_STRICT_OBJC_MSGSEND = YES;
				ENABLE_TESTABILITY = YES;
				GCC_C_LANGUAGE_STANDARD = gnu11;
				GCC_DYNAMIC_NO_PIC = NO;
				GCC_NO_COMMON_BLOCKS = YES;
				GCC_OPTIMIZATION_LEVEL = 0;
				GCC_PREPROCESSOR_DEFINITIONS = (
					"DEBUG=1",
					"$(inherited)",
				);
				GCC_WARN_64_TO_32_BIT_CONVERSION = YES;
				GCC_WARN_ABOUT_RETURN_TYPE = YES_ERROR;
				GCC_WARN_UNDECLARED_SELECTOR = YES;
				GCC_WARN_UNINITIALIZED_AUTOS = YES_AGGRESSIVE;
				GCC_WARN_UNUSED_FUNCTION = YES;
				GCC_WARN_UNUSED_VARIABLE = YES;
				IPHONEOS_DEPLOYMENT_TARGET = 13.0;
				MTL_ENABLE_DEBUG_INFO = INCLUDE_SOURCE;
				MTL_FAST_MATH = YES;
				ONLY_ACTIVE_ARCH = YES;
				SDKROOT = iphoneos;
				SWIFT_ACTIVE_COMPILATION_CONDITIONS = DEBUG;
				SWIFT_OPTIMIZATION_LEVEL = "-Onone";
			};
			name = Debug;
		};
		A2337CE42612E32600E1B2F5 /* Release */ = {
			isa = XCBuildConfiguration;
			buildSettings = {
				ALWAYS_SEARCH_USER_PATHS = NO;
				CLANG_ANALYZER_NONNULL = YES;
				CLANG_ANALYZER_NUMBER_OBJECT_CONVERSION = YES_AGGRESSIVE;
				CLANG_CXX_LANGUAGE_STANDARD = "gnu++14";
				CLANG_CXX_LIBRARY = "libc++";
				CLANG_ENABLE_MODULES = YES;
				CLANG_ENABLE_OBJC_ARC = YES;
				CLANG_ENABLE_OBJC_WEAK = YES;
				CLANG_WARN_BLOCK_CAPTURE_AUTORELEASING = YES;
				CLANG_WARN_BOOL_CONVERSION = YES;
				CLANG_WARN_COMMA = YES;
				CLANG_WARN_CONSTANT_CONVERSION = YES;
				CLANG_WARN_DEPRECATED_OBJC_IMPLEMENTATIONS = YES;
				CLANG_WARN_DIRECT_OBJC_ISA_USAGE = YES_ERROR;
				CLANG_WARN_DOCUMENTATION_COMMENTS = YES;
				CLANG_WARN_EMPTY_BODY = YES;
				CLANG_WARN_ENUM_CONVERSION = YES;
				CLANG_WARN_INFINITE_RECURSION = YES;
				CLANG_WARN_INT_CONVERSION = YES;
				CLANG_WARN_NON_LITERAL_NULL_CONVERSION = YES;
				CLANG_WARN_OBJC_IMPLICIT_RETAIN_SELF = YES;
				CLANG_WARN_OBJC_LITERAL_CONVERSION = YES;
				CLANG_WARN_OBJC_ROOT_CLASS = YES_ERROR;
				CLANG_WARN_QUOTED_INCLUDE_IN_FRAMEWORK_HEADER = YES;
				CLANG_WARN_RANGE_LOOP_ANALYSIS = YES;
				CLANG_WARN_STRICT_PROTOTYPES = YES;
				CLANG_WARN_SUSPICIOUS_MOVE = YES;
				CLANG_WARN_UNGUARDED_AVAILABILITY = YES_AGGRESSIVE;
				CLANG_WARN_UNREACHABLE_CODE = YES;
				CLANG_WARN__DUPLICATE_METHOD_MATCH = YES;
				COPY_PHASE_STRIP = NO;
				DEBUG_INFORMATION_FORMAT = "dwarf-with-dsym";
				ENABLE_NS_ASSERTIONS = NO;
				ENABLE_STRICT_OBJC_MSGSEND = YES;
				GCC_C_LANGUAGE_STANDARD = gnu11;
				GCC_NO_COMMON_BLOCKS = YES;
				GCC_WARN_64_TO_32_BIT_CONVERSION = YES;
				GCC_WARN_ABOUT_RETURN_TYPE = YES_ERROR;
				GCC_WARN_UNDECLARED_SELECTOR = YES;
				GCC_WARN_UNINITIALIZED_AUTOS = YES_AGGRESSIVE;
				GCC_WARN_UNUSED_FUNCTION = YES;
				GCC_WARN_UNUSED_VARIABLE = YES;
				IPHONEOS_DEPLOYMENT_TARGET = 13.0;
				MTL_ENABLE_DEBUG_INFO = NO;
				MTL_FAST_MATH = YES;
				SDKROOT = iphoneos;
				SWIFT_COMPILATION_MODE = wholemodule;
				SWIFT_OPTIMIZATION_LEVEL = "-O";
				VALIDATE_PRODUCT = YES;
			};
			name = Release;
		};
		A2337CE62612E32600E1B2F5 /* Debug */ = {
			isa = XCBuildConfiguration;
			baseConfigurationReference = 00B69AB524E063A18BBAA4F8 /* Pods-Momentum.debug.xcconfig */;
			buildSettings = {
				ASSETCATALOG_COMPILER_APPICON_NAME = AppIcon;
				ASSETCATALOG_COMPILER_GLOBAL_ACCENT_COLOR_NAME = AccentColor;
				CODE_SIGN_STYLE = Automatic;
				DEVELOPMENT_TEAM = P9YJWUFM96;
				INFOPLIST_FILE = Momentum/Info.plist;
				LD_RUNPATH_SEARCH_PATHS = (
					"$(inherited)",
					"@executable_path/Frameworks",
				);
				PRODUCT_BUNDLE_IDENTIFIER = co.syimyk.Momentum;
				PRODUCT_NAME = "$(TARGET_NAME)";
				SWIFT_VERSION = 5.0;
				TARGETED_DEVICE_FAMILY = "1,2";
			};
			name = Debug;
		};
		A2337CE72612E32600E1B2F5 /* Release */ = {
			isa = XCBuildConfiguration;
			baseConfigurationReference = FF8E38774340396558F8E96C /* Pods-Momentum.release.xcconfig */;
			buildSettings = {
				ASSETCATALOG_COMPILER_APPICON_NAME = AppIcon;
				ASSETCATALOG_COMPILER_GLOBAL_ACCENT_COLOR_NAME = AccentColor;
				CODE_SIGN_STYLE = Automatic;
				DEVELOPMENT_TEAM = P9YJWUFM96;
				INFOPLIST_FILE = Momentum/Info.plist;
				LD_RUNPATH_SEARCH_PATHS = (
					"$(inherited)",
					"@executable_path/Frameworks",
				);
				PRODUCT_BUNDLE_IDENTIFIER = co.syimyk.Momentum;
				PRODUCT_NAME = "$(TARGET_NAME)";
				SWIFT_VERSION = 5.0;
				TARGETED_DEVICE_FAMILY = "1,2";
			};
			name = Release;
		};
/* End XCBuildConfiguration section */

/* Begin XCConfigurationList section */
		A2337CCC2612E32400E1B2F5 /* Build configuration list for PBXProject "Momentum" */ = {
			isa = XCConfigurationList;
			buildConfigurations = (
				A2337CE32612E32600E1B2F5 /* Debug */,
				A2337CE42612E32600E1B2F5 /* Release */,
			);
			defaultConfigurationIsVisible = 0;
			defaultConfigurationName = Release;
		};
		A2337CE52612E32600E1B2F5 /* Build configuration list for PBXNativeTarget "Momentum" */ = {
			isa = XCConfigurationList;
			buildConfigurations = (
				A2337CE62612E32600E1B2F5 /* Debug */,
				A2337CE72612E32600E1B2F5 /* Release */,
			);
			defaultConfigurationIsVisible = 0;
			defaultConfigurationName = Release;
		};
/* End XCConfigurationList section */
	};
	rootObject = A2337CC92612E32400E1B2F5 /* Project object */;
}
